PODS:
  - ByteowlsCapacitorOauth2 (4.0.0):
    - Capacitor
    - OAuthSwift (= 2.2.0)
  - Capacitor (4.3.0):
    - CapacitorCordova
  - CapacitorApp (4.0.1):
    - Capacitor
  - CapacitorCordova (4.3.0)
  - CapacitorHaptics (4.0.1):
    - Capacitor
  - CapacitorKeyboard (4.0.1):
    - Capacitor
  - CapacitorPreferences (4.0.2):
    - Capacitor
  - CapacitorStatusBar (4.0.1):
    - Capacitor
  - OAuthSwift (2.2.0)

DEPENDENCIES:
  - "ByteowlsCapacitorOauth2 (from `../../node_modules/@byteowls/capacitor-oauth2`)"
  - "Capacitor (from `../../node_modules/@capacitor/ios`)"
  - "CapacitorApp (from `../../node_modules/@capacitor/app`)"
  - "CapacitorCordova (from `../../node_modules/@capacitor/ios`)"
  - "CapacitorHaptics (from `../../node_modules/@capacitor/haptics`)"
  - "CapacitorKeyboard (from `../../node_modules/@capacitor/keyboard`)"
  - "CapacitorPreferences (from `../../node_modules/@capacitor/preferences`)"
  - "CapacitorStatusBar (from `../../node_modules/@capacitor/status-bar`)"

SPEC REPOS:
  trunk:
    - OAuthSwift

EXTERNAL SOURCES:
  ByteowlsCapacitorOauth2:
    :path: "../../node_modules/@byteowls/capacitor-oauth2"
  Capacitor:
    :path: "../../node_modules/@capacitor/ios"
  CapacitorApp:
    :path: "../../node_modules/@capacitor/app"
  CapacitorCordova:
    :path: "../../node_modules/@capacitor/ios"
  CapacitorHaptics:
    :path: "../../node_modules/@capacitor/haptics"
  CapacitorKeyboard:
    :path: "../../node_modules/@capacitor/keyboard"
  CapacitorPreferences:
    :path: "../../node_modules/@capacitor/preferences"
  CapacitorStatusBar:
    :path: "../../node_modules/@capacitor/status-bar"

SPEC CHECKSUMS:
  ByteowlsCapacitorOauth2: 3d72de8c50bc0eeb1941f7da63423e9465b30495
  Capacitor: 5534f805df231c76164e1d63119bff7b4eac6cd5
  CapacitorApp: 70ea773d069c24ab188ae7a01237b951920ffacf
  CapacitorCordova: 19a82a3b91fbeb9bdd049729551edc3cd7e5e648
  CapacitorHaptics: 02d48e2efca06ccf3273dbb638b68b0e145f623a
  CapacitorKeyboard: 3b49a9d517641c123fb691713f99a89d6ebf3a37
  CapacitorPreferences: 1d66dc32299f55ed632c5611f312878979275ea5
  CapacitorStatusBar: e6cf2a9ed07f92ddae9ca101be36d08c61866b35
  OAuthSwift: 75efbb5bd9a4b2b71a37bd7e986bf3f55ddd54c6

PODFILE CHECKSUM: 072fa504dc9c267978176fb189991c19b77390be

COCOAPODS: 1.12.0
